
Microsoft Visual Studio Solution File, Format Version 12.00
# Visual Studio Version 17
VisualStudioVersion = 17.3.32929.385
MinimumVisualStudioVersion = 10.0.40219.1
Project("{FAE04EC0-301F-11D3-BF4B-00C04F79EFBC}") = "SimpleApp.Service", "SimpleApp.Service\SimpleApp.Service.csproj", "{23E7E3D3-F629-44AE-AAEC-296A2AAAF759}"
EndProject
Global
	GlobalSection(SolutionConfigurationPlatforms) = preSolution
		Debug|Any CPU = Debug|Any CPU
		Release|Any CPU = Release|Any CPU
	EndGlobalSection
	GlobalSection(ProjectConfigurationPlatforms) = postSolution
		{23E7E3D3-F629-44AE-AAEC-296A2AAAF759}.Debug|Any CPU.ActiveCfg = Debug|Any CPU
		{23E7E3D3-F629-44AE-AAEC-296A2AAAF759}.Debug|Any CPU.Build.0 = Debug|Any CPU
		{23E7E3D3-F629-44AE-AAEC-296A2AAAF759}.Release|Any CPU.ActiveCfg = Release|Any CPU
		{23E7E3D3-F629-44AE-AAEC-296A2AAAF759}.Release|Any CPU.Build.0 = Release|Any CPU
	EndGlobalSection
	GlobalSection(SolutionProperties) = preSolution
		HideSolutionNode = FALSE
	EndGlobalSection
	GlobalSection(ExtensibilityGlobals) = postSolution
		SolutionGuid = {79E0EDF0-7E81-4BE9-A7F3-4750167D1809}
	EndGlobalSection
EndGlobal
